// !$*UTF8*$!
{
	archiveVersion = 1;
	classes = {
	};
	objectVersion = 50;
	objects = {

/* Begin PBXBuildFile section */
		C40A97CE2584F7D500E9D37E /* AppDelegate.swift in Sources */ = {isa = PBXBuildFile; fileRef = C40A97CD2584F7D500E9D37E /* AppDelegate.swift */; };
		C40A97D02584F7D500E9D37E /* SceneDelegate.swift in Sources */ = {isa = PBXBuildFile; fileRef = C40A97CF2584F7D500E9D37E /* SceneDelegate.swift */; };
		C40A97D52584F7D500E9D37E /* Main.storyboard in Resources */ = {isa = PBXBuildFile; fileRef = C40A97D32584F7D500E9D37E /* Main.storyboard */; };
		C40A97D82584F7D500E9D37E /* Millionaire.xcdatamodeld in Sources */ = {isa = PBXBuildFile; fileRef = C40A97D62584F7D500E9D37E /* Millionaire.xcdatamodeld */; };
		C40A97DA2584F7D800E9D37E /* Assets.xcassets in Resources */ = {isa = PBXBuildFile; fileRef = C40A97D92584F7D800E9D37E /* Assets.xcassets */; };
		C40A97DD2584F7D800E9D37E /* LaunchScreen.storyboard in Resources */ = {isa = PBXBuildFile; fileRef = C40A97DB2584F7D800E9D37E /* LaunchScreen.storyboard */; };
		C40A97ED2584F9AD00E9D37E /* StartViewController.swift in Sources */ = {isa = PBXBuildFile; fileRef = C40A97EC2584F9AD00E9D37E /* StartViewController.swift */; };
		C40A97F02584FDB000E9D37E /* Questions.swift in Sources */ = {isa = PBXBuildFile; fileRef = C40A97EF2584FDB000E9D37E /* Questions.swift */; };
		C40A97F62585050600E9D37E /* GameViewController.swift in Sources */ = {isa = PBXBuildFile; fileRef = C40A97F52585050600E9D37E /* GameViewController.swift */; };
		C40A97FD25851A6500E9D37E /* Game.swift in Sources */ = {isa = PBXBuildFile; fileRef = C40A97FC25851A6500E9D37E /* Game.swift */; };
		C40A980025851AB300E9D37E /* GameSession.swift in Sources */ = {isa = PBXBuildFile; fileRef = C40A97FF25851AB300E9D37E /* GameSession.swift */; };
		C450685B25861F500017EFFD /* GameCaretaker.swift in Sources */ = {isa = PBXBuildFile; fileRef = C450685A25861F500017EFFD /* GameCaretaker.swift */; };
		C49A687B258A5FA700B3CE34 /* ResultsTableViewController.swift in Sources */ = {isa = PBXBuildFile; fileRef = C49A687A258A5FA700B3CE34 /* ResultsTableViewController.swift */; };
		C49A687E258A5FEF00B3CE34 /* ResultsTableViewCell.swift in Sources */ = {isa = PBXBuildFile; fileRef = C49A687D258A5FEF00B3CE34 /* ResultsTableViewCell.swift */; };
/* End PBXBuildFile section */

/* Begin PBXFileReference section */
		C40A97CA2584F7D500E9D37E /* Millionaire.app */ = {isa = PBXFileReference; explicitFileType = wrapper.application; includeInIndex = 0; path = Millionaire.app; sourceTree = BUILT_PRODUCTS_DIR; };
		C40A97CD2584F7D500E9D37E /* AppDelegate.swift */ = {isa = PBXFileReference; lastKnownFileType = sourcecode.swift; path = AppDelegate.swift; sourceTree = "<group>"; };
		C40A97CF2584F7D500E9D37E /* SceneDelegate.swift */ = {isa = PBXFileReference; lastKnownFileType = sourcecode.swift; path = SceneDelegate.swift; sourceTree = "<group>"; };
		C40A97D42584F7D500E9D37E /* Base */ = {isa = PBXFileReference; lastKnownFileType = file.storyboard; name = Base; path = Base.lproj/Main.storyboard; sourceTree = "<group>"; };
		C40A97D72584F7D500E9D37E /* Millionaire.xcdatamodel */ = {isa = PBXFileReference; lastKnownFileType = wrapper.xcdatamodel; path = Millionaire.xcdatamodel; sourceTree = "<group>"; };
		C40A97D92584F7D800E9D37E /* Assets.xcassets */ = {isa = PBXFileReference; lastKnownFileType = folder.assetcatalog; path = Assets.xcassets; sourceTree = "<group>"; };
		C40A97DC2584F7D800E9D37E /* Base */ = {isa = PBXFileReference; lastKnownFileType = file.storyboard; name = Base; path = Base.lproj/LaunchScreen.storyboard; sourceTree = "<group>"; };
		C40A97DE2584F7D800E9D37E /* Info.plist */ = {isa = PBXFileReference; lastKnownFileType = text.plist.xml; path = Info.plist; sourceTree = "<group>"; };
		C40A97EC2584F9AD00E9D37E /* StartViewController.swift */ = {isa = PBXFileReference; lastKnownFileType = sourcecode.swift; path = StartViewController.swift; sourceTree = "<group>"; };
		C40A97EF2584FDB000E9D37E /* Questions.swift */ = {isa = PBXFileReference; lastKnownFileType = sourcecode.swift; path = Questions.swift; sourceTree = "<group>"; };
		C40A97F52585050600E9D37E /* GameViewController.swift */ = {isa = PBXFileReference; lastKnownFileType = sourcecode.swift; path = GameViewController.swift; sourceTree = "<group>"; };
		C40A97FC25851A6500E9D37E /* Game.swift */ = {isa = PBXFileReference; lastKnownFileType = sourcecode.swift; path = Game.swift; sourceTree = "<group>"; };
		C40A97FF25851AB300E9D37E /* GameSession.swift */ = {isa = PBXFileReference; lastKnownFileType = sourcecode.swift; path = GameSession.swift; sourceTree = "<group>"; };
		C450685A25861F500017EFFD /* GameCaretaker.swift */ = {isa = PBXFileReference; lastKnownFileType = sourcecode.swift; path = GameCaretaker.swift; sourceTree = "<group>"; };
		C49A687A258A5FA700B3CE34 /* ResultsTableViewController.swift */ = {isa = PBXFileReference; lastKnownFileType = sourcecode.swift; path = ResultsTableViewController.swift; sourceTree = "<group>"; };
		C49A687D258A5FEF00B3CE34 /* ResultsTableViewCell.swift */ = {isa = PBXFileReference; lastKnownFileType = sourcecode.swift; path = ResultsTableViewCell.swift; sourceTree = "<group>"; };
/* End PBXFileReference section */

/* Begin PBXFrameworksBuildPhase section */
		C40A97C72584F7D500E9D37E /* Frameworks */ = {
			isa = PBXFrameworksBuildPhase;
			buildActionMask = 2147483647;
			files = (
			);
			runOnlyForDeploymentPostprocessing = 0;
		};
/* End PBXFrameworksBuildPhase section */

/* Begin PBXGroup section */
		C40A97C12584F7D500E9D37E = {
			isa = PBXGroup;
			children = (
				C40A97CC2584F7D500E9D37E /* Millionaire */,
				C40A97CB2584F7D500E9D37E /* Products */,
			);
			sourceTree = "<group>";
		};
		C40A97CB2584F7D500E9D37E /* Products */ = {
			isa = PBXGroup;
			children = (
				C40A97CA2584F7D500E9D37E /* Millionaire.app */,
			);
			name = Products;
			sourceTree = "<group>";
		};
		C40A97CC2584F7D500E9D37E /* Millionaire */ = {
			isa = PBXGroup;
			children = (
				C40A97CD2584F7D500E9D37E /* AppDelegate.swift */,
				C40A97CF2584F7D500E9D37E /* SceneDelegate.swift */,
				C450685925861F230017EFFD /* SaveResults */,
				C40A97D32584F7D500E9D37E /* Main.storyboard */,
				C40A97E92584F91600E9D37E /* Game */,
				C40A97D92584F7D800E9D37E /* Assets.xcassets */,
				C40A97DB2584F7D800E9D37E /* LaunchScreen.storyboard */,
				C40A97EC2584F9AD00E9D37E /* StartViewController.swift */,
				C40A97DE2584F7D800E9D37E /* Info.plist */,
				C40A97D62584F7D500E9D37E /* Millionaire.xcdatamodeld */,
			);
			path = Millionaire;
			sourceTree = "<group>";
		};
		C40A97E92584F91600E9D37E /* Game */ = {
			isa = PBXGroup;
			children = (
				C40A97EF2584FDB000E9D37E /* Questions.swift */,
				C40A97FC25851A6500E9D37E /* Game.swift */,
				C40A97F52585050600E9D37E /* GameViewController.swift */,
			);
			path = Game;
			sourceTree = "<group>";
		};
		C450685925861F230017EFFD /* SaveResults */ = {
			isa = PBXGroup;
			children = (
				C40A97FF25851AB300E9D37E /* GameSession.swift */,
				C450685A25861F500017EFFD /* GameCaretaker.swift */,
				C49A687A258A5FA700B3CE34 /* ResultsTableViewController.swift */,
				C49A687D258A5FEF00B3CE34 /* ResultsTableViewCell.swift */,
			);
			path = SaveResults;
			sourceTree = "<group>";
		};
/* End PBXGroup section */

/* Begin PBXNativeTarget section */
		C40A97C92584F7D500E9D37E /* Millionaire */ = {
			isa = PBXNativeTarget;
			buildConfigurationList = C40A97E12584F7D800E9D37E /* Build configuration list for PBXNativeTarget "Millionaire" */;
			buildPhases = (
				C40A97C62584F7D500E9D37E /* Sources */,
				C40A97C72584F7D500E9D37E /* Frameworks */,
				C40A97C82584F7D500E9D37E /* Resources */,
			);
			buildRules = (
			);
			dependencies = (
			);
			name = Millionaire;
			productName = Millionaire;
			productReference = C40A97CA2584F7D500E9D37E /* Millionaire.app */;
			productType = "com.apple.product-type.application";
		};
/* End PBXNativeTarget section */

/* Begin PBXProject section */
		C40A97C22584F7D500E9D37E /* Project object */ = {
			isa = PBXProject;
			attributes = {
				LastSwiftUpdateCheck = 1220;
				LastUpgradeCheck = 1220;
				TargetAttributes = {
					C40A97C92584F7D500E9D37E = {
						CreatedOnToolsVersion = 12.2;
					};
				};
			};
			buildConfigurationList = C40A97C52584F7D500E9D37E /* Build configuration list for PBXProject "Millionaire" */;
			compatibilityVersion = "Xcode 9.3";
			developmentRegion = en;
			hasScannedForEncodings = 0;
			knownRegions = (
				en,
				Base,
			);
			mainGroup = C40A97C12584F7D500E9D37E;
			productRefGroup = C40A97CB2584F7D500E9D37E /* Products */;
			projectDirPath = "";
			projectRoot = "";
			targets = (
				C40A97C92584F7D500E9D37E /* Millionaire */,
			);
		};
/* End PBXProject section */

/* Begin PBXResourcesBuildPhase section */
		C40A97C82584F7D500E9D37E /* Resources */ = {
			isa = PBXResourcesBuildPhase;
			buildActionMask = 2147483647;
			files = (
				C40A97DD2584F7D800E9D37E /* LaunchScreen.storyboard in Resources */,
				C40A97DA2584F7D800E9D37E /* Assets.xcassets in Resources */,
				C40A97D52584F7D500E9D37E /* Main.storyboard in Resources */,
			);
			runOnlyForDeploymentPostprocessing = 0;
		};
/* End PBXResourcesBuildPhase section */

/* Begin PBXSourcesBuildPhase section */
		C40A97C62584F7D500E9D37E /* Sources */ = {
			isa = PBXSourcesBuildPhase;
			buildActionMask = 2147483647;
			files = (
				C40A97ED2584F9AD00E9D37E /* StartViewController.swift in Sources */,
				C40A97D82584F7D500E9D37E /* Millionaire.xcdatamodeld in Sources */,
				C40A980025851AB300E9D37E /* GameSession.swift in Sources */,
				C40A97FD25851A6500E9D37E /* Game.swift in Sources */,
				C49A687E258A5FEF00B3CE34 /* ResultsTableViewCell.swift in Sources */,
				C49A687B258A5FA700B3CE34 /* ResultsTableViewController.swift in Sources */,
				C40A97F02584FDB000E9D37E /* Questions.swift in Sources */,
				C450685B25861F500017EFFD /* GameCaretaker.swift in Sources */,
				C40A97CE2584F7D500E9D37E /* AppDelegate.swift in Sources */,
				C40A97F62585050600E9D37E /* GameViewController.swift in Sources */,
				C40A97D02584F7D500E9D37E /* SceneDelegate.swift in Sources */,
			);
			runOnlyForDeploymentPostprocessing = 0;
		};
/* End PBXSourcesBuildPhase section */

/* Begin PBXVariantGroup section */
		C40A97D32584F7D500E9D37E /* Main.storyboard */ = {
			isa = PBXVariantGroup;
			children = (
				C40A97D42584F7D500E9D37E /* Base */,
			);
			name = Main.storyboard;
			sourceTree = "<group>";
		};
		C40A97DB2584F7D800E9D37E /* LaunchScreen.storyboard */ = {
			isa = PBXVariantGroup;
			children = (
				C40A97DC2584F7D800E9D37E /* Base */,
			);
			name = LaunchScreen.storyboard;
			sourceTree = "<group>";
		};
/* End PBXVariantGroup section */

/* Begin XCBuildConfiguration section */
		C40A97DF2584F7D800E9D37E /* Debug */ = {
			isa = XCBuildConfiguration;
			buildSettings = {
				ALWAYS_SEARCH_USER_PATHS = NO;
				CLANG_ANALYZER_NONNULL = YES;
				CLANG_ANALYZER_NUMBER_OBJECT_CONVERSION = YES_AGGRESSIVE;
				CLANG_CXX_LANGUAGE_STANDARD = "gnu++14";
				CLANG_CXX_LIBRARY = "libc++";
				CLANG_ENABLE_MODULES = YES;
				CLANG_ENABLE_OBJC_ARC = YES;
				CLANG_ENABLE_OBJC_WEAK = YES;
				CLANG_WARN_BLOCK_CAPTURE_AUTORELEASING = YES;
				CLANG_WARN_BOOL_CONVERSION = YES;
				CLANG_WARN_COMMA = YES;
				CLANG_WARN_CONSTANT_CONVERSION = YES;
				CLANG_WARN_DEPRECATED_OBJC_IMPLEMENTATIONS = YES;
				CLANG_WARN_DIRECT_OBJC_ISA_USAGE = YES_ERROR;
				CLANG_WARN_DOCUMENTATION_COMMENTS = YES;
				CLANG_WARN_EMPTY_BODY = YES;
				CLANG_WARN_ENUM_CONVERSION = YES;
				CLANG_WARN_INFINITE_RECURSION = YES;
				CLANG_WARN_INT_CONVERSION = YES;
				CLANG_WARN_NON_LITERAL_NULL_CONVERSION = YES;
				CLANG_WARN_OBJC_IMPLICIT_RETAIN_SELF = YES;
				CLANG_WARN_OBJC_LITERAL_CONVERSION = YES;
				CLANG_WARN_OBJC_ROOT_CLASS = YES_ERROR;
				CLANG_WARN_QUOTED_INCLUDE_IN_FRAMEWORK_HEADER = YES;
				CLANG_WARN_RANGE_LOOP_ANALYSIS = YES;
				CLANG_WARN_STRICT_PROTOTYPES = YES;
				CLANG_WARN_SUSPICIOUS_MOVE = YES;
				CLANG_WARN_UNGUARDED_AVAILABILITY = YES_AGGRESSIVE;
				CLANG_WARN_UNREACHABLE_CODE = YES;
				CLANG_WARN__DUPLICATE_METHOD_MATCH = YES;
				COPY_PHASE_STRIP = NO;
				DEBUG_INFORMATION_FORMAT = dwarf;
				ENABLE_STRICT_OBJC_MSGSEND = YES;
				ENABLE_TESTABILITY = YES;
				GCC_C_LANGUAGE_STANDARD = gnu11;
				GCC_DYNAMIC_NO_PIC = NO;
				GCC_NO_COMMON_BLOCKS = YES;
				GCC_OPTIMIZATION_LEVEL = 0;
				GCC_PREPROCESSOR_DEFINITIONS = (
					"DEBUG=1",
					"$(inherited)",
				);
				GCC_WARN_64_TO_32_BIT_CONVERSION = YES;
				GCC_WARN_ABOUT_RETURN_TYPE = YES_ERROR;
				GCC_WARN_UNDECLARED_SELECTOR = YES;
				GCC_WARN_UNINITIALIZED_AUTOS = YES_AGGRESSIVE;
				GCC_WARN_UNUSED_FUNCTION = YES;
				GCC_WARN_UNUSED_VARIABLE = YES;
				IPHONEOS_DEPLOYMENT_TARGET = 14.2;
				MTL_ENABLE_DEBUG_INFO = INCLUDE_SOURCE;
				MTL_FAST_MATH = YES;
				ONLY_ACTIVE_ARCH = YES;
				SDKROOT = iphoneos;
				SWIFT_ACTIVE_COMPILATION_CONDITIONS = DEBUG;
				SWIFT_OPTIMIZATION_LEVEL = "-Onone";
			};
			name = Debug;
		};
		C40A97E02584F7D800E9D37E /* Release */ = {
			isa = XCBuildConfiguration;
			buildSettings = {
				ALWAYS_SEARCH_USER_PATHS = NO;
				CLANG_ANALYZER_NONNULL = YES;
				CLANG_ANALYZER_NUMBER_OBJECT_CONVERSION = YES_AGGRESSIVE;
				CLANG_CXX_LANGUAGE_STANDARD = "gnu++14";
				CLANG_CXX_LIBRARY = "libc++";
				CLANG_ENABLE_MODULES = YES;
				CLANG_ENABLE_OBJC_ARC = YES;
				CLANG_ENABLE_OBJC_WEAK = YES;
				CLANG_WARN_BLOCK_CAPTURE_AUTORELEASING = YES;
				CLANG_WARN_BOOL_CONVERSION = YES;
				CLANG_WARN_COMMA = YES;
				CLANG_WARN_CONSTANT_CONVERSION = YES;
				CLANG_WARN_DEPRECATED_OBJC_IMPLEMENTATIONS = YES;
				CLANG_WARN_DIRECT_OBJC_ISA_USAGE = YES_ERROR;
				CLANG_WARN_DOCUMENTATION_COMMENTS = YES;
				CLANG_WARN_EMPTY_BODY = YES;
				CLANG_WARN_ENUM_CONVERSION = YES;
				CLANG_WARN_INFINITE_RECURSION = YES;
				CLANG_WARN_INT_CONVERSION = YES;
				CLANG_WARN_NON_LITERAL_NULL_CONVERSION = YES;
				CLANG_WARN_OBJC_IMPLICIT_RETAIN_SELF = YES;
				CLANG_WARN_OBJC_LITERAL_CONVERSION = YES;
				CLANG_WARN_OBJC_ROOT_CLASS = YES_ERROR;
				CLANG_WARN_QUOTED_INCLUDE_IN_FRAMEWORK_HEADER = YES;
				CLANG_WARN_RANGE_LOOP_ANALYSIS = YES;
				CLANG_WARN_STRICT_PROTOTYPES = YES;
				CLANG_WARN_SUSPICIOUS_MOVE = YES;
				CLANG_WARN_UNGUARDED_AVAILABILITY = YES_AGGRESSIVE;
				CLANG_WARN_UNREACHABLE_CODE = YES;
				CLANG_WARN__DUPLICATE_METHOD_MATCH = YES;
				COPY_PHASE_STRIP = NO;
				DEBUG_INFORMATION_FORMAT = "dwarf-with-dsym";
				ENABLE_NS_ASSERTIONS = NO;
				ENABLE_STRICT_OBJC_MSGSEND = YES;
				GCC_C_LANGUAGE_STANDARD = gnu11;
				GCC_NO_COMMON_BLOCKS = YES;
				GCC_WARN_64_TO_32_BIT_CONVERSION = YES;
				GCC_WARN_ABOUT_RETURN_TYPE = YES_ERROR;
				GCC_WARN_UNDECLARED_SELECTOR = YES;
				GCC_WARN_UNINITIALIZED_AUTOS = YES_AGGRESSIVE;
				GCC_WARN_UNUSED_FUNCTION = YES;
				GCC_WARN_UNUSED_VARIABLE = YES;
				IPHONEOS_DEPLOYMENT_TARGET = 14.2;
				MTL_ENABLE_DEBUG_INFO = NO;
				MTL_FAST_MATH = YES;
				SDKROOT = iphoneos;
				SWIFT_COMPILATION_MODE = wholemodule;
				SWIFT_OPTIMIZATION_LEVEL = "-O";
				VALIDATE_PRODUCT = YES;
			};
			name = Release;
		};
		C40A97E22584F7D800E9D37E /* Debug */ = {
			isa = XCBuildConfiguration;
			buildSettings = {
				ASSETCATALOG_COMPILER_APPICON_NAME = AppIcon;
				ASSETCATALOG_COMPILER_GLOBAL_ACCENT_COLOR_NAME = AccentColor;
				CODE_SIGN_STYLE = Automatic;
				INFOPLIST_FILE = Millionaire/Info.plist;
				LD_RUNPATH_SEARCH_PATHS = (
					"$(inherited)",
					"@executable_path/Frameworks",
				);
				PRODUCT_BUNDLE_IDENTIFIER = my.Millionaire;
				PRODUCT_NAME = "$(TARGET_NAME)";
				SWIFT_VERSION = 5.0;
				TARGETED_DEVICE_FAMILY = "1,2";
			};
			name = Debug;
		};
		C40A97E32584F7D800E9D37E /* Release */ = {
			isa = XCBuildConfiguration;
			buildSettings = {
				ASSETCATALOG_COMPILER_APPICON_NAME = AppIcon;
				ASSETCATALOG_COMPILER_GLOBAL_ACCENT_COLOR_NAME = AccentColor;
				CODE_SIGN_STYLE = Automatic;
				INFOPLIST_FILE = Millionaire/Info.plist;
				LD_RUNPATH_SEARCH_PATHS = (
					"$(inherited)",
					"@executable_path/Frameworks",
				);
				PRODUCT_BUNDLE_IDENTIFIER = my.Millionaire;
				PRODUCT_NAME = "$(TARGET_NAME)";
				SWIFT_VERSION = 5.0;
				TARGETED_DEVICE_FAMILY = "1,2";
			};
			name = Release;
		};
/* End XCBuildConfiguration section */

/* Begin XCConfigurationList section */
		C40A97C52584F7D500E9D37E /* Build configuration list for PBXProject "Millionaire" */ = {
			isa = XCConfigurationList;
			buildConfigurations = (
				C40A97DF2584F7D800E9D37E /* Debug */,
				C40A97E02584F7D800E9D37E /* Release */,
			);
			defaultConfigurationIsVisible = 0;
			defaultConfigurationName = Release;
		};
		C40A97E12584F7D800E9D37E /* Build configuration list for PBXNativeTarget "Millionaire" */ = {
			isa = XCConfigurationList;
			buildConfigurations = (
				C40A97E22584F7D800E9D37E /* Debug */,
				C40A97E32584F7D800E9D37E /* Release */,
			);
			defaultConfigurationIsVisible = 0;
			defaultConfigurationName = Release;
		};
/* End XCConfigurationList section */

/* Begin XCVersionGroup section */
		C40A97D62584F7D500E9D37E /* Millionaire.xcdatamodeld */ = {
			isa = XCVersionGroup;
			children = (
				C40A97D72584F7D500E9D37E /* Millionaire.xcdatamodel */,
			);
			currentVersion = C40A97D72584F7D500E9D37E /* Millionaire.xcdatamodel */;
			path = Millionaire.xcdatamodeld;
			sourceTree = "<group>";
			versionGroupType = wrapper.xcdatamodel;
		};
/* End XCVersionGroup section */
	};
	rootObject = C40A97C22584F7D500E9D37E /* Project object */;
}
